
Microsoft Visual Studio Solution File, Format Version 12.00
# Visual Studio Version 16
VisualStudioVersion = 16.0.30114.105
MinimumVisualStudioVersion = 10.0.40219.1
Project("{F2A71F9B-5D33-465A-A702-920D77279786}") = "SyncFusionFab", "SyncFusionFab\SyncFusionFab.fsproj", "{EED2F9BA-A864-41A6-ACA4-E43CF5176826}"
EndProject
Project("{F2A71F9B-5D33-465A-A702-920D77279786}") = "SyncFusionFab.iOS", "SyncFusionFab.iOS\SyncFusionFab.iOS.fsproj", "{DF299673-30C6-4C75-8337-AB00B6CA0A1A}"
EndProject
Project("{F2A71F9B-5D33-465A-A702-920D77279786}") = "SyncFusionFab.Android", "SyncFusionFab.Android\SyncFusionFab.Android.fsproj", "{49DD42BC-738D-42E7-81C5-DE3D394D040A}"
EndProject
Global
    GlobalSection(SolutionConfigurationPlatforms) = preSolution
        Debug|Any CPU = Debug|Any CPU
        Release|Any CPU = Release|Any CPU
        Debug|iPhoneSimulator = Debug|iPhoneSimulator
        Release|iPhoneSimulator = Release|iPhoneSimulator
        Debug|iPhone = Debug|iPhone
        Release|iPhone = Release|iPhone
        Ad-Hoc|iPhone = Ad-Hoc|iPhone
        AppStore|iPhone = AppStore|iPhone
    EndGlobalSection
    GlobalSection(SolutionProperties) = preSolution
        HideSolutionNode = FALSE
    EndGlobalSection
    GlobalSection(ProjectConfigurationPlatforms) = postSolution
        {EED2F9BA-A864-41A6-ACA4-E43CF5176826}.Debug|Any CPU.ActiveCfg = Debug|Any CPU
        {EED2F9BA-A864-41A6-ACA4-E43CF5176826}.Debug|Any CPU.Build.0 = Debug|Any CPU
        {EED2F9BA-A864-41A6-ACA4-E43CF5176826}.Release|Any CPU.ActiveCfg = Release|Any CPU
        {EED2F9BA-A864-41A6-ACA4-E43CF5176826}.Release|Any CPU.Build.0 = Release|Any CPU
        {EED2F9BA-A864-41A6-ACA4-E43CF5176826}.Debug|iPhoneSimulator.ActiveCfg = Debug|Any CPU
        {EED2F9BA-A864-41A6-ACA4-E43CF5176826}.Debug|iPhoneSimulator.Build.0 = Debug|Any CPU
        {EED2F9BA-A864-41A6-ACA4-E43CF5176826}.Ad-Hoc|iPhone.ActiveCfg = Release|Any CPU
        {EED2F9BA-A864-41A6-ACA4-E43CF5176826}.Ad-Hoc|iPhone.Build.0 = Release|Any CPU
        {EED2F9BA-A864-41A6-ACA4-E43CF5176826}.AppStore|iPhone.ActiveCfg = Release|Any CPU
        {EED2F9BA-A864-41A6-ACA4-E43CF5176826}.AppStore|iPhone.Build.0 = Release|Any CPU
        {EED2F9BA-A864-41A6-ACA4-E43CF5176826}.Debug|iPhone.ActiveCfg = Debug|Any CPU
        {EED2F9BA-A864-41A6-ACA4-E43CF5176826}.Debug|iPhone.Build.0 = Debug|Any CPU
        {EED2F9BA-A864-41A6-ACA4-E43CF5176826}.Release|iPhone.ActiveCfg = Release|Any CPU
        {EED2F9BA-A864-41A6-ACA4-E43CF5176826}.Release|iPhone.Build.0 = Release|Any CPU
        {EED2F9BA-A864-41A6-ACA4-E43CF5176826}.Release|iPhoneSimulator.ActiveCfg = Release|Any CPU
        {EED2F9BA-A864-41A6-ACA4-E43CF5176826}.Release|iPhoneSimulator.Build.0 = Release|Any CPU
        {DF299673-30C6-4C75-8337-AB00B6CA0A1A}.Debug|Any CPU.ActiveCfg = Debug|iPhoneSimulator
        {DF299673-30C6-4C75-8337-AB00B6CA0A1A}.Debug|Any CPU.Build.0 = Debug|iPhoneSimulator
        {DF299673-30C6-4C75-8337-AB00B6CA0A1A}.Release|Any CPU.ActiveCfg = Release|iPhoneSimulator
        {DF299673-30C6-4C75-8337-AB00B6CA0A1A}.Release|Any CPU.Build.0 = Release|iPhoneSimulator
        {DF299673-30C6-4C75-8337-AB00B6CA0A1A}.Debug|iPhoneSimulator.ActiveCfg = Debug|iPhoneSimulator
        {DF299673-30C6-4C75-8337-AB00B6CA0A1A}.Debug|iPhoneSimulator.Build.0 = Debug|iPhoneSimulator
        {DF299673-30C6-4C75-8337-AB00B6CA0A1A}.Release|iPhoneSimulator.ActiveCfg = Release|iPhoneSimulator
        {DF299673-30C6-4C75-8337-AB00B6CA0A1A}.Release|iPhoneSimulator.Build.0 = Release|iPhoneSimulator
        {DF299673-30C6-4C75-8337-AB00B6CA0A1A}.Debug|iPhone.ActiveCfg = Debug|iPhone
        {DF299673-30C6-4C75-8337-AB00B6CA0A1A}.Debug|iPhone.Build.0 = Debug|iPhone
        {DF299673-30C6-4C75-8337-AB00B6CA0A1A}.Release|iPhone.ActiveCfg = Release|iPhone
        {DF299673-30C6-4C75-8337-AB00B6CA0A1A}.Release|iPhone.Build.0 = Release|iPhone
        {DF299673-30C6-4C75-8337-AB00B6CA0A1A}.Ad-Hoc|iPhone.ActiveCfg = Ad-Hoc|iPhone
        {DF299673-30C6-4C75-8337-AB00B6CA0A1A}.Ad-Hoc|iPhone.Build.0 = Ad-Hoc|iPhone
        {DF299673-30C6-4C75-8337-AB00B6CA0A1A}.AppStore|iPhone.ActiveCfg = AppStore|iPhone
        {DF299673-30C6-4C75-8337-AB00B6CA0A1A}.AppStore|iPhone.Build.0 = AppStore|iPhone
        {DF299673-30C6-4C75-8337-AB00B6CA0A1A}.Debug|iPhoneSimulator.Deploy.0 = Debug|iPhoneSimulator
        {DF299673-30C6-4C75-8337-AB00B6CA0A1A}.Debug|Any CPU.Deploy.0 = Debug|iPhoneSimulator
        {DF299673-30C6-4C75-8337-AB00B6CA0A1A}.Debug|iPhone.Deploy.0 = Debug|iPhone
        {DF299673-30C6-4C75-8337-AB00B6CA0A1A}.Release|Any CPU.Deploy.0 = Release|iPhoneSimulator
        {DF299673-30C6-4C75-8337-AB00B6CA0A1A}.Release|iPhone.Deploy.0 = Release|iPhone
        {DF299673-30C6-4C75-8337-AB00B6CA0A1A}.Release|iPhoneSimulator.Deploy.0 = Release|iPhoneSimulator
        {49DD42BC-738D-42E7-81C5-DE3D394D040A}.Debug|Any CPU.ActiveCfg = Debug|Any CPU
        {49DD42BC-738D-42E7-81C5-DE3D394D040A}.Debug|Any CPU.Build.0 = Debug|Any CPU
        {49DD42BC-738D-42E7-81C5-DE3D394D040A}.Release|Any CPU.ActiveCfg = Release|Any CPU
        {49DD42BC-738D-42E7-81C5-DE3D394D040A}.Release|Any CPU.Build.0 = Release|Any CPU
        {49DD42BC-738D-42E7-81C5-DE3D394D040A}.Debug|iPhoneSimulator.ActiveCfg = Debug|Any CPU
        {49DD42BC-738D-42E7-81C5-DE3D394D040A}.Debug|iPhoneSimulator.Build.0 = Debug|Any CPU
        {49DD42BC-738D-42E7-81C5-DE3D394D040A}.Release|iPhoneSimulator.ActiveCfg = Release|Any CPU
        {49DD42BC-738D-42E7-81C5-DE3D394D040A}.Release|iPhoneSimulator.Build.0 = Release|Any CPU
        {49DD42BC-738D-42E7-81C5-DE3D394D040A}.Debug|iPhone.ActiveCfg = Debug|Any CPU
        {49DD42BC-738D-42E7-81C5-DE3D394D040A}.Debug|iPhone.Build.0 = Debug|Any CPU
        {49DD42BC-738D-42E7-81C5-DE3D394D040A}.Release|iPhone.ActiveCfg = Release|Any CPU
        {49DD42BC-738D-42E7-81C5-DE3D394D040A}.Release|iPhone.Build.0 = Release|Any CPU
        {49DD42BC-738D-42E7-81C5-DE3D394D040A}.Ad-Hoc|iPhone.ActiveCfg = Release|Any CPU
        {49DD42BC-738D-42E7-81C5-DE3D394D040A}.Ad-Hoc|iPhone.Build.0 = Release|Any CPU
        {49DD42BC-738D-42E7-81C5-DE3D394D040A}.AppStore|iPhone.ActiveCfg = Release|Any CPU
        {49DD42BC-738D-42E7-81C5-DE3D394D040A}.AppStore|iPhone.Build.0 = Release|Any CPU
        {49DD42BC-738D-42E7-81C5-DE3D394D040A}.Debug|iPhoneSimulator.Deploy.0 = Debug|Any CPU
        {49DD42BC-738D-42E7-81C5-DE3D394D040A}.Debug|Any CPU.Deploy.0 = Debug|Any CPU
        {49DD42BC-738D-42E7-81C5-DE3D394D040A}.Debug|iPhone.Deploy.0 = Debug|Any CPU
        {49DD42BC-738D-42E7-81C5-DE3D394D040A}.Release|Any CPU.Deploy.0 = Release|Any CPU
        {49DD42BC-738D-42E7-81C5-DE3D394D040A}.Release|iPhone.Deploy.0 = Release|Any CPU
        {49DD42BC-738D-42E7-81C5-DE3D394D040A}.Release|iPhoneSimulator.Deploy.0 = Release|Any CPU
    EndGlobalSection
EndGlobal
