
Microsoft Visual Studio Solution File, Format Version 12.00
Project("{FAE04EC0-301F-11D3-BF4B-00C04F79EFBC}") = "SyncFusionXam", "SyncFusionXam\SyncFusionXam.csproj", "{B3121CC9-D4EA-45CB-A014-06F752C6FA87}"
EndProject
Project("{FAE04EC0-301F-11D3-BF4B-00C04F79EFBC}") = "SyncFusionXam.Droid", "SyncFusionXam.Droid\SyncFusionXam.Droid.csproj", "{C57EF8C4-8563-4EB9-9784-289EF2D01211}"
EndProject
Project("{FAE04EC0-301F-11D3-BF4B-00C04F79EFBC}") = "SyncFusionXam.iOS", "SyncFusionXam.iOS\SyncFusionXam.iOS.csproj", "{840F375A-30CC-47EE-BED9-9C62A477354A}"
EndProject
Global
	GlobalSection(SolutionConfigurationPlatforms) = preSolution
		Ad-Hoc|iPhone = Ad-Hoc|iPhone
		AppStore|iPhone = AppStore|iPhone
		Debug|Any CPU = Debug|Any CPU
		Debug|iPhone = Debug|iPhone
		Debug|iPhoneSimulator = Debug|iPhoneSimulator
		Release|Any CPU = Release|Any CPU
		Release|iPhone = Release|iPhone
		Release|iPhoneSimulator = Release|iPhoneSimulator
	EndGlobalSection
	GlobalSection(ProjectConfigurationPlatforms) = postSolution
		{B3121CC9-D4EA-45CB-A014-06F752C6FA87}.Ad-Hoc|iPhone.ActiveCfg = Debug|Any CPU
		{B3121CC9-D4EA-45CB-A014-06F752C6FA87}.Ad-Hoc|iPhone.Build.0 = Debug|Any CPU
		{B3121CC9-D4EA-45CB-A014-06F752C6FA87}.AppStore|iPhone.ActiveCfg = Debug|Any CPU
		{B3121CC9-D4EA-45CB-A014-06F752C6FA87}.AppStore|iPhone.Build.0 = Debug|Any CPU
		{B3121CC9-D4EA-45CB-A014-06F752C6FA87}.Debug|Any CPU.ActiveCfg = Debug|Any CPU
		{B3121CC9-D4EA-45CB-A014-06F752C6FA87}.Debug|Any CPU.Build.0 = Debug|Any CPU
		{B3121CC9-D4EA-45CB-A014-06F752C6FA87}.Debug|iPhone.ActiveCfg = Debug|Any CPU
		{B3121CC9-D4EA-45CB-A014-06F752C6FA87}.Debug|iPhone.Build.0 = Debug|Any CPU
		{B3121CC9-D4EA-45CB-A014-06F752C6FA87}.Debug|iPhoneSimulator.ActiveCfg = Debug|Any CPU
		{B3121CC9-D4EA-45CB-A014-06F752C6FA87}.Debug|iPhoneSimulator.Build.0 = Debug|Any CPU
		{B3121CC9-D4EA-45CB-A014-06F752C6FA87}.Release|Any CPU.ActiveCfg = Release|Any CPU
		{B3121CC9-D4EA-45CB-A014-06F752C6FA87}.Release|Any CPU.Build.0 = Release|Any CPU
		{B3121CC9-D4EA-45CB-A014-06F752C6FA87}.Release|iPhone.ActiveCfg = Release|Any CPU
		{B3121CC9-D4EA-45CB-A014-06F752C6FA87}.Release|iPhone.Build.0 = Release|Any CPU
		{B3121CC9-D4EA-45CB-A014-06F752C6FA87}.Release|iPhoneSimulator.ActiveCfg = Release|Any CPU
		{B3121CC9-D4EA-45CB-A014-06F752C6FA87}.Release|iPhoneSimulator.Build.0 = Release|Any CPU
		{C57EF8C4-8563-4EB9-9784-289EF2D01211}.Ad-Hoc|iPhone.ActiveCfg = Debug|Any CPU
		{C57EF8C4-8563-4EB9-9784-289EF2D01211}.Ad-Hoc|iPhone.Build.0 = Debug|Any CPU
		{C57EF8C4-8563-4EB9-9784-289EF2D01211}.Ad-Hoc|iPhone.Deploy.0 = Debug|Any CPU
		{C57EF8C4-8563-4EB9-9784-289EF2D01211}.AppStore|iPhone.ActiveCfg = Debug|Any CPU
		{C57EF8C4-8563-4EB9-9784-289EF2D01211}.AppStore|iPhone.Build.0 = Debug|Any CPU
		{C57EF8C4-8563-4EB9-9784-289EF2D01211}.AppStore|iPhone.Deploy.0 = Debug|Any CPU
		{C57EF8C4-8563-4EB9-9784-289EF2D01211}.Debug|Any CPU.ActiveCfg = Debug|Any CPU
		{C57EF8C4-8563-4EB9-9784-289EF2D01211}.Debug|Any CPU.Build.0 = Debug|Any CPU
		{C57EF8C4-8563-4EB9-9784-289EF2D01211}.Debug|Any CPU.Deploy.0 = Debug|Any CPU
		{C57EF8C4-8563-4EB9-9784-289EF2D01211}.Debug|iPhone.ActiveCfg = Debug|Any CPU
		{C57EF8C4-8563-4EB9-9784-289EF2D01211}.Debug|iPhone.Build.0 = Debug|Any CPU
		{C57EF8C4-8563-4EB9-9784-289EF2D01211}.Debug|iPhone.Deploy.0 = Debug|Any CPU
		{C57EF8C4-8563-4EB9-9784-289EF2D01211}.Debug|iPhoneSimulator.ActiveCfg = Debug|Any CPU
		{C57EF8C4-8563-4EB9-9784-289EF2D01211}.Debug|iPhoneSimulator.Build.0 = Debug|Any CPU
		{C57EF8C4-8563-4EB9-9784-289EF2D01211}.Debug|iPhoneSimulator.Deploy.0 = Debug|Any CPU
		{C57EF8C4-8563-4EB9-9784-289EF2D01211}.Release|Any CPU.ActiveCfg = Release|Any CPU
		{C57EF8C4-8563-4EB9-9784-289EF2D01211}.Release|Any CPU.Build.0 = Release|Any CPU
		{C57EF8C4-8563-4EB9-9784-289EF2D01211}.Release|Any CPU.Deploy.0 = Release|Any CPU
		{C57EF8C4-8563-4EB9-9784-289EF2D01211}.Release|iPhone.ActiveCfg = Release|Any CPU
		{C57EF8C4-8563-4EB9-9784-289EF2D01211}.Release|iPhone.Build.0 = Release|Any CPU
		{C57EF8C4-8563-4EB9-9784-289EF2D01211}.Release|iPhone.Deploy.0 = Release|Any CPU
		{C57EF8C4-8563-4EB9-9784-289EF2D01211}.Release|iPhoneSimulator.ActiveCfg = Release|Any CPU
		{C57EF8C4-8563-4EB9-9784-289EF2D01211}.Release|iPhoneSimulator.Build.0 = Release|Any CPU
		{C57EF8C4-8563-4EB9-9784-289EF2D01211}.Release|iPhoneSimulator.Deploy.0 = Release|Any CPU
		{840F375A-30CC-47EE-BED9-9C62A477354A}.Ad-Hoc|iPhone.ActiveCfg = Ad-Hoc|iPhone
		{840F375A-30CC-47EE-BED9-9C62A477354A}.Ad-Hoc|iPhone.Build.0 = Ad-Hoc|iPhone
		{840F375A-30CC-47EE-BED9-9C62A477354A}.Ad-Hoc|iPhone.Deploy.0 = Ad-Hoc|iPhone
		{840F375A-30CC-47EE-BED9-9C62A477354A}.AppStore|iPhone.ActiveCfg = AppStore|iPhone
		{840F375A-30CC-47EE-BED9-9C62A477354A}.AppStore|iPhone.Build.0 = AppStore|iPhone
		{840F375A-30CC-47EE-BED9-9C62A477354A}.AppStore|iPhone.Deploy.0 = AppStore|iPhone
		{840F375A-30CC-47EE-BED9-9C62A477354A}.Debug|Any CPU.ActiveCfg = Debug|iPhoneSimulator
		{840F375A-30CC-47EE-BED9-9C62A477354A}.Debug|Any CPU.Build.0 = Debug|iPhoneSimulator
		{840F375A-30CC-47EE-BED9-9C62A477354A}.Debug|Any CPU.Deploy.0 = Debug|iPhoneSimulator
		{840F375A-30CC-47EE-BED9-9C62A477354A}.Debug|iPhone.ActiveCfg = Debug|iPhone
		{840F375A-30CC-47EE-BED9-9C62A477354A}.Debug|iPhone.Build.0 = Debug|iPhone
		{840F375A-30CC-47EE-BED9-9C62A477354A}.Debug|iPhone.Deploy.0 = Debug|iPhone
		{840F375A-30CC-47EE-BED9-9C62A477354A}.Debug|iPhoneSimulator.ActiveCfg = Debug|iPhoneSimulator
		{840F375A-30CC-47EE-BED9-9C62A477354A}.Debug|iPhoneSimulator.Build.0 = Debug|iPhoneSimulator
		{840F375A-30CC-47EE-BED9-9C62A477354A}.Debug|iPhoneSimulator.Deploy.0 = Debug|iPhoneSimulator
		{840F375A-30CC-47EE-BED9-9C62A477354A}.Release|Any CPU.ActiveCfg = Release|iPhoneSimulator
		{840F375A-30CC-47EE-BED9-9C62A477354A}.Release|Any CPU.Build.0 = Release|iPhoneSimulator
		{840F375A-30CC-47EE-BED9-9C62A477354A}.Release|Any CPU.Deploy.0 = Release|iPhoneSimulator
		{840F375A-30CC-47EE-BED9-9C62A477354A}.Release|iPhone.ActiveCfg = Release|iPhone
		{840F375A-30CC-47EE-BED9-9C62A477354A}.Release|iPhone.Build.0 = Release|iPhone
		{840F375A-30CC-47EE-BED9-9C62A477354A}.Release|iPhone.Deploy.0 = Release|iPhone
		{840F375A-30CC-47EE-BED9-9C62A477354A}.Release|iPhoneSimulator.ActiveCfg = Release|iPhoneSimulator
		{840F375A-30CC-47EE-BED9-9C62A477354A}.Release|iPhoneSimulator.Build.0 = Release|iPhoneSimulator
		{840F375A-30CC-47EE-BED9-9C62A477354A}.Release|iPhoneSimulator.Deploy.0 = Release|iPhoneSimulator
	EndGlobalSection
EndGlobal
